
Microsoft Visual Studio Solution File, Format Version 12.00
# Visual Studio Version 16
VisualStudioVersion = 16.0.31613.86
MinimumVisualStudioVersion = 10.0.40219.1
Project("{FAE04EC0-301F-11D3-BF4B-00C04F79EFBC}") = "MailKitDemo", "MailKitDemo.csproj", "{532B75D8-5A2A-4FBB-907A-A2F2AEFBB10D}"
EndProject
Global
	GlobalSection(SolutionConfigurationPlatforms) = preSolution
		Debug|Any CPU = Debug|Any CPU
		Release|Any CPU = Release|Any CPU
	EndGlobalSection
	GlobalSection(ProjectConfigurationPlatforms) = postSolution
		{532B75D8-5A2A-4FBB-907A-A2F2AEFBB10D}.Debug|Any CPU.ActiveCfg = Debug|Any CPU
		{532B75D8-5A2A-4FBB-907A-A2F2AEFBB10D}.Debug|Any CPU.Build.0 = Debug|Any CPU
		{532B75D8-5A2A-4FBB-907A-A2F2AEFBB10D}.Release|Any CPU.ActiveCfg = Release|Any CPU
		{532B75D8-5A2A-4FBB-907A-A2F2AEFBB10D}.Release|Any CPU.Build.0 = Release|Any CPU
	EndGlobalSection
	GlobalSection(SolutionProperties) = preSolution
		HideSolutionNode = FALSE
	EndGlobalSection
	GlobalSection(ExtensibilityGlobals) = postSolution
		SolutionGuid = {F02964D1-D39D-4507-BA3B-4641A15E50BB}
	EndGlobalSection
EndGlobal
